
Microsoft Visual Studio Solution File, Format Version 12.00
# Visual Studio 15
VisualStudioVersion = 15.0.26228.9
MinimumVisualStudioVersion = 10.0.40219.1
Project("{FAE04EC0-301F-11D3-BF4B-00C04F79EFBC}") = "UserManagmentModule.Api", "UserManagmentModule.Api\UserManagmentModule.Api.csproj", "{964D5E5F-1E8D-4CFC-AD74-6438659CA145}"
EndProject
Project("{FAE04EC0-301F-11D3-BF4B-00C04F79EFBC}") = "UserManagmentModule.DatabaseConnection", "UserManagmentModule.DatabaseConnection\UserManagmentModule.DatabaseConnection.csproj", "{3E25E699-6F3D-4211-9B0E-46594EBFB63A}"
EndProject
Global
	GlobalSection(SolutionConfigurationPlatforms) = preSolution
		Debug|Any CPU = Debug|Any CPU
		Release|Any CPU = Release|Any CPU
	EndGlobalSection
	GlobalSection(ProjectConfigurationPlatforms) = postSolution
		{964D5E5F-1E8D-4CFC-AD74-6438659CA145}.Debug|Any CPU.ActiveCfg = Debug|Any CPU
		{964D5E5F-1E8D-4CFC-AD74-6438659CA145}.Debug|Any CPU.Build.0 = Debug|Any CPU
		{964D5E5F-1E8D-4CFC-AD74-6438659CA145}.Release|Any CPU.ActiveCfg = Release|Any CPU
		{964D5E5F-1E8D-4CFC-AD74-6438659CA145}.Release|Any CPU.Build.0 = Release|Any CPU
		{3E25E699-6F3D-4211-9B0E-46594EBFB63A}.Debug|Any CPU.ActiveCfg = Debug|Any CPU
		{3E25E699-6F3D-4211-9B0E-46594EBFB63A}.Debug|Any CPU.Build.0 = Debug|Any CPU
		{3E25E699-6F3D-4211-9B0E-46594EBFB63A}.Release|Any CPU.ActiveCfg = Release|Any CPU
		{3E25E699-6F3D-4211-9B0E-46594EBFB63A}.Release|Any CPU.Build.0 = Release|Any CPU
	EndGlobalSection
	GlobalSection(SolutionProperties) = preSolution
		HideSolutionNode = FALSE
	EndGlobalSection
EndGlobal
